
Microsoft Visual Studio Solution File, Format Version 12.00
# Visual Studio Version 17
VisualStudioVersion = 17.11.35017.193
MinimumVisualStudioVersion = 10.0.40219.1
Project("{9A19103F-16F7-4668-BE54-9A1E7A4F7556}") = "DecibelsWeb", "DecibelsWeb\DecibelsWeb.csproj", "{2E3860CA-17DD-4C6D-BA8D-7ED2011592B3}"
EndProject
Project("{FAE04EC0-301F-11D3-BF4B-00C04F79EFBC}") = "Decibels.DataAccess", "Decibels.DataAccess\Decibels.DataAccess.csproj", "{B2296479-FE58-4F6C-8E51-00CEE3EE1F8C}"
EndProject
Project("{FAE04EC0-301F-11D3-BF4B-00C04F79EFBC}") = "Decibels.Models", "Decibels.Models\Decibels.Models.csproj", "{E83C8C9A-3438-4169-80AB-51FDB76BED13}"
EndProject
Project("{FAE04EC0-301F-11D3-BF4B-00C04F79EFBC}") = "Decibels.Utility", "Decibels.Utility\Decibels.Utility.csproj", "{4EB5946E-FDE2-4B2D-B369-C2F887C7A9A7}"
EndProject
Global
	GlobalSection(SolutionConfigurationPlatforms) = preSolution
		Debug|Any CPU = Debug|Any CPU
		Release|Any CPU = Release|Any CPU
	EndGlobalSection
	GlobalSection(ProjectConfigurationPlatforms) = postSolution
		{2E3860CA-17DD-4C6D-BA8D-7ED2011592B3}.Debug|Any CPU.ActiveCfg = Debug|Any CPU
		{2E3860CA-17DD-4C6D-BA8D-7ED2011592B3}.Debug|Any CPU.Build.0 = Debug|Any CPU
		{2E3860CA-17DD-4C6D-BA8D-7ED2011592B3}.Release|Any CPU.ActiveCfg = Release|Any CPU
		{2E3860CA-17DD-4C6D-BA8D-7ED2011592B3}.Release|Any CPU.Build.0 = Release|Any CPU
		{B2296479-FE58-4F6C-8E51-00CEE3EE1F8C}.Debug|Any CPU.ActiveCfg = Debug|Any CPU
		{B2296479-FE58-4F6C-8E51-00CEE3EE1F8C}.Debug|Any CPU.Build.0 = Debug|Any CPU
		{B2296479-FE58-4F6C-8E51-00CEE3EE1F8C}.Release|Any CPU.ActiveCfg = Release|Any CPU
		{B2296479-FE58-4F6C-8E51-00CEE3EE1F8C}.Release|Any CPU.Build.0 = Release|Any CPU
		{E83C8C9A-3438-4169-80AB-51FDB76BED13}.Debug|Any CPU.ActiveCfg = Debug|Any CPU
		{E83C8C9A-3438-4169-80AB-51FDB76BED13}.Debug|Any CPU.Build.0 = Debug|Any CPU
		{E83C8C9A-3438-4169-80AB-51FDB76BED13}.Release|Any CPU.ActiveCfg = Release|Any CPU
		{E83C8C9A-3438-4169-80AB-51FDB76BED13}.Release|Any CPU.Build.0 = Release|Any CPU
		{4EB5946E-FDE2-4B2D-B369-C2F887C7A9A7}.Debug|Any CPU.ActiveCfg = Debug|Any CPU
		{4EB5946E-FDE2-4B2D-B369-C2F887C7A9A7}.Debug|Any CPU.Build.0 = Debug|Any CPU
		{4EB5946E-FDE2-4B2D-B369-C2F887C7A9A7}.Release|Any CPU.ActiveCfg = Release|Any CPU
		{4EB5946E-FDE2-4B2D-B369-C2F887C7A9A7}.Release|Any CPU.Build.0 = Release|Any CPU
	EndGlobalSection
	GlobalSection(SolutionProperties) = preSolution
		HideSolutionNode = FALSE
	EndGlobalSection
	GlobalSection(ExtensibilityGlobals) = postSolution
		SolutionGuid = {4CD762EB-AAD4-4D08-82ED-66CB8C64195F}
	EndGlobalSection
EndGlobal
